
Microsoft Visual Studio Solution File, Format Version 12.00
# Visual Studio 15
VisualStudioVersion = 15.0.28010.2046
MinimumVisualStudioVersion = 10.0.40219.1
Project("{FAE04EC0-301F-11D3-BF4B-00C04F79EFBC}") = "DB Team Project A L T", "DB Team Project A L T\DB Team Project A L T.csproj", "{91A7B14E-FA4B-46D6-880D-98DE4C0C4690}"
EndProject
Global
	GlobalSection(SolutionConfigurationPlatforms) = preSolution
		Debug|Any CPU = Debug|Any CPU
		Release|Any CPU = Release|Any CPU
	EndGlobalSection
	GlobalSection(ProjectConfigurationPlatforms) = postSolution
		{91A7B14E-FA4B-46D6-880D-98DE4C0C4690}.Debug|Any CPU.ActiveCfg = Debug|Any CPU
		{91A7B14E-FA4B-46D6-880D-98DE4C0C4690}.Debug|Any CPU.Build.0 = Debug|Any CPU
		{91A7B14E-FA4B-46D6-880D-98DE4C0C4690}.Release|Any CPU.ActiveCfg = Release|Any CPU
		{91A7B14E-FA4B-46D6-880D-98DE4C0C4690}.Release|Any CPU.Build.0 = Release|Any CPU
	EndGlobalSection
	GlobalSection(SolutionProperties) = preSolution
		HideSolutionNode = FALSE
	EndGlobalSection
	GlobalSection(ExtensibilityGlobals) = postSolution
		SolutionGuid = {C85A8260-28B3-4D95-A08F-F4EA19F42D62}
	EndGlobalSection
EndGlobal
